PODS:
  - FBSnapshotTestCase (2.1.4):
    - FBSnapshotTestCase/SwiftSupport (= 2.1.4)
  - FBSnapshotTestCase/Core (2.1.4)
  - FBSnapshotTestCase/SwiftSupport (2.1.4):
    - FBSnapshotTestCase/Core
  - UnderlyingComponents (0.1.0)

DEPENDENCIES:
  - FBSnapshotTestCase
  - UnderlyingComponents (from `../`)

SPEC REPOS:
  trunk:
    - FBSnapshotTestCase

EXTERNAL SOURCES:
  UnderlyingComponents:
    :path: "../"

SPEC CHECKSUMS:
  FBSnapshotTestCase: 094f9f314decbabe373b87cc339bea235a63e07a
  UnderlyingComponents: f79632d0051919a4e931ea97af383a5e87cda7ff

PODFILE CHECKSUM: 008d0979cf5d4fc36aab6576a9fb9f6d65fd7bb9

COCOAPODS: 1.8.4
